// !$*UTF8*$!
{
	archiveVersion = 1;
	classes = {
	};
	objectVersion = 50;
	objects = {

/* Begin PBXBuildFile section */
		179460582316773500060205 /* AppDelegate.swift in Sources */ = {isa = PBXBuildFile; fileRef = 179460572316773500060205 /* AppDelegate.swift */; };
		1794605A2316773500060205 /* ViewController.swift in Sources */ = {isa = PBXBuildFile; fileRef = 179460592316773500060205 /* ViewController.swift */; };
		1794605D2316773500060205 /* Main.storyboard in Resources */ = {isa = PBXBuildFile; fileRef = 1794605B2316773500060205 /* Main.storyboard */; };
		1794605F2316773700060205 /* Assets.xcassets in Resources */ = {isa = PBXBuildFile; fileRef = 1794605E2316773700060205 /* Assets.xcassets */; };
		179460622316773700060205 /* LaunchScreen.storyboard in Resources */ = {isa = PBXBuildFile; fileRef = 179460602316773700060205 /* LaunchScreen.storyboard */; };
		1794606D2316773700060205 /* HostelWorldChallengeUITests.swift in Sources */ = {isa = PBXBuildFile; fileRef = 1794606C2316773700060205 /* HostelWorldChallengeUITests.swift */; };
/* End PBXBuildFile section */

/* Begin PBXContainerItemProxy section */
		179460692316773700060205 /* PBXContainerItemProxy */ = {
			isa = PBXContainerItemProxy;
			containerPortal = 1794604C2316773500060205 /* Project object */;
			proxyType = 1;
			remoteGlobalIDString = 179460532316773500060205;
			remoteInfo = HostelWorldChallenge;
		};
/* End PBXContainerItemProxy section */

/* Begin PBXFileReference section */
		179460542316773500060205 /* HostelWorldChallenge.app */ = {isa = PBXFileReference; explicitFileType = wrapper.application; includeInIndex = 0; path = HostelWorldChallenge.app; sourceTree = BUILT_PRODUCTS_DIR; };
		179460572316773500060205 /* AppDelegate.swift */ = {isa = PBXFileReference; lastKnownFileType = sourcecode.swift; path = AppDelegate.swift; sourceTree = "<group>"; };
		179460592316773500060205 /* ViewController.swift */ = {isa = PBXFileReference; lastKnownFileType = sourcecode.swift; path = ViewController.swift; sourceTree = "<group>"; };
		1794605C2316773500060205 /* Base */ = {isa = PBXFileReference; lastKnownFileType = file.storyboard; name = Base; path = Base.lproj/Main.storyboard; sourceTree = "<group>"; };
		1794605E2316773700060205 /* Assets.xcassets */ = {isa = PBXFileReference; lastKnownFileType = folder.assetcatalog; path = Assets.xcassets; sourceTree = "<group>"; };
		179460612316773700060205 /* Base */ = {isa = PBXFileReference; lastKnownFileType = file.storyboard; name = Base; path = Base.lproj/LaunchScreen.storyboard; sourceTree = "<group>"; };
		179460632316773700060205 /* Info.plist */ = {isa = PBXFileReference; lastKnownFileType = text.plist.xml; path = Info.plist; sourceTree = "<group>"; };
		179460682316773700060205 /* HostelWorldChallengeUITests.xctest */ = {isa = PBXFileReference; explicitFileType = wrapper.cfbundle; includeInIndex = 0; path = HostelWorldChallengeUITests.xctest; sourceTree = BUILT_PRODUCTS_DIR; };
		1794606C2316773700060205 /* HostelWorldChallengeUITests.swift */ = {isa = PBXFileReference; lastKnownFileType = sourcecode.swift; path = HostelWorldChallengeUITests.swift; sourceTree = "<group>"; };
		1794606E2316773700060205 /* Info.plist */ = {isa = PBXFileReference; lastKnownFileType = text.plist.xml; path = Info.plist; sourceTree = "<group>"; };
/* End PBXFileReference section */

/* Begin PBXFrameworksBuildPhase section */
		179460512316773500060205 /* Frameworks */ = {
			isa = PBXFrameworksBuildPhase;
			buildActionMask = 2147483647;
			files = (
			);
			runOnlyForDeploymentPostprocessing = 0;
		};
		179460652316773700060205 /* Frameworks */ = {
			isa = PBXFrameworksBuildPhase;
			buildActionMask = 2147483647;
			files = (
			);
			runOnlyForDeploymentPostprocessing = 0;
		};
/* End PBXFrameworksBuildPhase section */

/* Begin PBXGroup section */
		1794604B2316773500060205 = {
			isa = PBXGroup;
			children = (
				179460562316773500060205 /* HostelWorldChallenge */,
				1794606B2316773700060205 /* HostelWorldChallengeUITests */,
				179460552316773500060205 /* Products */,
			);
			sourceTree = "<group>";
		};
		179460552316773500060205 /* Products */ = {
			isa = PBXGroup;
			children = (
				179460542316773500060205 /* HostelWorldChallenge.app */,
				179460682316773700060205 /* HostelWorldChallengeUITests.xctest */,
			);
			name = Products;
			sourceTree = "<group>";
		};
		179460562316773500060205 /* HostelWorldChallenge */ = {
			isa = PBXGroup;
			children = (
				179460572316773500060205 /* AppDelegate.swift */,
				179460592316773500060205 /* ViewController.swift */,
				1794605B2316773500060205 /* Main.storyboard */,
				1794605E2316773700060205 /* Assets.xcassets */,
				179460602316773700060205 /* LaunchScreen.storyboard */,
				179460632316773700060205 /* Info.plist */,
			);
			path = HostelWorldChallenge;
			sourceTree = "<group>";
		};
		1794606B2316773700060205 /* HostelWorldChallengeUITests */ = {
			isa = PBXGroup;
			children = (
				1794606C2316773700060205 /* HostelWorldChallengeUITests.swift */,
				1794606E2316773700060205 /* Info.plist */,
			);
			path = HostelWorldChallengeUITests;
			sourceTree = "<group>";
		};
/* End PBXGroup section */

/* Begin PBXNativeTarget section */
		179460532316773500060205 /* HostelWorldChallenge */ = {
			isa = PBXNativeTarget;
			buildConfigurationList = 179460712316773700060205 /* Build configuration list for PBXNativeTarget "HostelWorldChallenge" */;
			buildPhases = (
				179460502316773500060205 /* Sources */,
				179460512316773500060205 /* Frameworks */,
				179460522316773500060205 /* Resources */,
			);
			buildRules = (
			);
			dependencies = (
			);
			name = HostelWorldChallenge;
			productName = HostelWorldChallenge;
			productReference = 179460542316773500060205 /* HostelWorldChallenge.app */;
			productType = "com.apple.product-type.application";
		};
		179460672316773700060205 /* HostelWorldChallengeUITests */ = {
			isa = PBXNativeTarget;
			buildConfigurationList = 179460742316773700060205 /* Build configuration list for PBXNativeTarget "HostelWorldChallengeUITests" */;
			buildPhases = (
				179460642316773700060205 /* Sources */,
				179460652316773700060205 /* Frameworks */,
				179460662316773700060205 /* Resources */,
			);
			buildRules = (
			);
			dependencies = (
				1794606A2316773700060205 /* PBXTargetDependency */,
			);
			name = HostelWorldChallengeUITests;
			productName = HostelWorldChallengeUITests;
			productReference = 179460682316773700060205 /* HostelWorldChallengeUITests.xctest */;
			productType = "com.apple.product-type.bundle.ui-testing";
		};
/* End PBXNativeTarget section */

/* Begin PBXProject section */
		1794604C2316773500060205 /* Project object */ = {
			isa = PBXProject;
			attributes = {
				LastSwiftUpdateCheck = 1030;
				LastUpgradeCheck = 1030;
				ORGANIZATIONNAME = "Fernando Moya de Rivas";
				TargetAttributes = {
					179460532316773500060205 = {
						CreatedOnToolsVersion = 10.3;
					};
					179460672316773700060205 = {
						CreatedOnToolsVersion = 10.3;
						TestTargetID = 179460532316773500060205;
					};
				};
			};
			buildConfigurationList = 1794604F2316773500060205 /* Build configuration list for PBXProject "HostelWorldChallenge" */;
			compatibilityVersion = "Xcode 9.3";
			developmentRegion = en;
			hasScannedForEncodings = 0;
			knownRegions = (
				en,
				Base,
			);
			mainGroup = 1794604B2316773500060205;
			productRefGroup = 179460552316773500060205 /* Products */;
			projectDirPath = "";
			projectRoot = "";
			targets = (
				179460532316773500060205 /* HostelWorldChallenge */,
				179460672316773700060205 /* HostelWorldChallengeUITests */,
			);
		};
/* End PBXProject section */

/* Begin PBXResourcesBuildPhase section */
		179460522316773500060205 /* Resources */ = {
			isa = PBXResourcesBuildPhase;
			buildActionMask = 2147483647;
			files = (
				179460622316773700060205 /* LaunchScreen.storyboard in Resources */,
				1794605F2316773700060205 /* Assets.xcassets in Resources */,
				1794605D2316773500060205 /* Main.storyboard in Resources */,
			);
			runOnlyForDeploymentPostprocessing = 0;
		};
		179460662316773700060205 /* Resources */ = {
			isa = PBXResourcesBuildPhase;
			buildActionMask = 2147483647;
			files = (
			);
			runOnlyForDeploymentPostprocessing = 0;
		};
/* End PBXResourcesBuildPhase section */

/* Begin PBXSourcesBuildPhase section */
		179460502316773500060205 /* Sources */ = {
			isa = PBXSourcesBuildPhase;
			buildActionMask = 2147483647;
			files = (
				1794605A2316773500060205 /* ViewController.swift in Sources */,
				179460582316773500060205 /* AppDelegate.swift in Sources */,
			);
			runOnlyForDeploymentPostprocessing = 0;
		};
		179460642316773700060205 /* Sources */ = {
			isa = PBXSourcesBuildPhase;
			buildActionMask = 2147483647;
			files = (
				1794606D2316773700060205 /* HostelWorldChallengeUITests.swift in Sources */,
			);
			runOnlyForDeploymentPostprocessing = 0;
		};
/* End PBXSourcesBuildPhase section */

/* Begin PBXTargetDependency section */
		1794606A2316773700060205 /* PBXTargetDependency */ = {
			isa = PBXTargetDependency;
			target = 179460532316773500060205 /* HostelWorldChallenge */;
			targetProxy = 179460692316773700060205 /* PBXContainerItemProxy */;
		};
/* End PBXTargetDependency section */

/* Begin PBXVariantGroup section */
		1794605B2316773500060205 /* Main.storyboard */ = {
			isa = PBXVariantGroup;
			children = (
				1794605C2316773500060205 /* Base */,
			);
			name = Main.storyboard;
			sourceTree = "<group>";
		};
		179460602316773700060205 /* LaunchScreen.storyboard */ = {
			isa = PBXVariantGroup;
			children = (
				179460612316773700060205 /* Base */,
			);
			name = LaunchScreen.storyboard;
			sourceTree = "<group>";
		};
/* End PBXVariantGroup section */

/* Begin XCBuildConfiguration section */
		1794606F2316773700060205 /* Debug */ = {
			isa = XCBuildConfiguration;
			buildSettings = {
				ALWAYS_SEARCH_USER_PATHS = NO;
				CLANG_ANALYZER_NONNULL = YES;
				CLANG_ANALYZER_NUMBER_OBJECT_CONVERSION = YES_AGGRESSIVE;
				CLANG_CXX_LANGUAGE_STANDARD = "gnu++14";
				CLANG_CXX_LIBRARY = "libc++";
				CLANG_ENABLE_MODULES = YES;
				CLANG_ENABLE_OBJC_ARC = YES;
				CLANG_ENABLE_OBJC_WEAK = YES;
				CLANG_WARN_BLOCK_CAPTURE_AUTORELEASING = YES;
				CLANG_WARN_BOOL_CONVERSION = YES;
				CLANG_WARN_COMMA = YES;
				CLANG_WARN_CONSTANT_CONVERSION = YES;
				CLANG_WARN_DEPRECATED_OBJC_IMPLEMENTATIONS = YES;
				CLANG_WARN_DIRECT_OBJC_ISA_USAGE = YES_ERROR;
				CLANG_WARN_DOCUMENTATION_COMMENTS = YES;
				CLANG_WARN_EMPTY_BODY = YES;
				CLANG_WARN_ENUM_CONVERSION = YES;
				CLANG_WARN_INFINITE_RECURSION = YES;
				CLANG_WARN_INT_CONVERSION = YES;
				CLANG_WARN_NON_LITERAL_NULL_CONVERSION = YES;
				CLANG_WARN_OBJC_IMPLICIT_RETAIN_SELF = YES;
				CLANG_WARN_OBJC_LITERAL_CONVERSION = YES;
				CLANG_WARN_OBJC_ROOT_CLASS = YES_ERROR;
				CLANG_WARN_RANGE_LOOP_ANALYSIS = YES;
				CLANG_WARN_STRICT_PROTOTYPES = YES;
				CLANG_WARN_SUSPICIOUS_MOVE = YES;
				CLANG_WARN_UNGUARDED_AVAILABILITY = YES_AGGRESSIVE;
				CLANG_WARN_UNREACHABLE_CODE = YES;
				CLANG_WARN__DUPLICATE_METHOD_MATCH = YES;
				CODE_SIGN_IDENTITY = "iPhone Developer";
				COPY_PHASE_STRIP = NO;
				DEBUG_INFORMATION_FORMAT = dwarf;
				ENABLE_STRICT_OBJC_MSGSEND = YES;
				ENABLE_TESTABILITY = YES;
				GCC_C_LANGUAGE_STANDARD = gnu11;
				GCC_DYNAMIC_NO_PIC = NO;
				GCC_NO_COMMON_BLOCKS = YES;
				GCC_OPTIMIZATION_LEVEL = 0;
				GCC_PREPROCESSOR_DEFINITIONS = (
					"DEBUG=1",
					"$(inherited)",
				);
				GCC_WARN_64_TO_32_BIT_CONVERSION = YES;
				GCC_WARN_ABOUT_RETURN_TYPE = YES_ERROR;
				GCC_WARN_UNDECLARED_SELECTOR = YES;
				GCC_WARN_UNINITIALIZED_AUTOS = YES_AGGRESSIVE;
				GCC_WARN_UNUSED_FUNCTION = YES;
				GCC_WARN_UNUSED_VARIABLE = YES;
				IPHONEOS_DEPLOYMENT_TARGET = 12.4;
				MTL_ENABLE_DEBUG_INFO = INCLUDE_SOURCE;
				MTL_FAST_MATH = YES;
				ONLY_ACTIVE_ARCH = YES;
				SDKROOT = iphoneos;
				SWIFT_ACTIVE_COMPILATION_CONDITIONS = DEBUG;
				SWIFT_OPTIMIZATION_LEVEL = "-Onone";
			};
			name = Debug;
		};
		179460702316773700060205 /* Release */ = {
			isa = XCBuildConfiguration;
			buildSettings = {
				ALWAYS_SEARCH_USER_PATHS = NO;
				CLANG_ANALYZER_NONNULL = YES;
				CLANG_ANALYZER_NUMBER_OBJECT_CONVERSION = YES_AGGRESSIVE;
				CLANG_CXX_LANGUAGE_STANDARD = "gnu++14";
				CLANG_CXX_LIBRARY = "libc++";
				CLANG_ENABLE_MODULES = YES;
				CLANG_ENABLE_OBJC_ARC = YES;
				CLANG_ENABLE_OBJC_WEAK = YES;
				CLANG_WARN_BLOCK_CAPTURE_AUTORELEASING = YES;
				CLANG_WARN_BOOL_CONVERSION = YES;
				CLANG_WARN_COMMA = YES;
				CLANG_WARN_CONSTANT_CONVERSION = YES;
				CLANG_WARN_DEPRECATED_OBJC_IMPLEMENTATIONS = YES;
				CLANG_WARN_DIRECT_OBJC_ISA_USAGE = YES_ERROR;
				CLANG_WARN_DOCUMENTATION_COMMENTS = YES;
				CLANG_WARN_EMPTY_BODY = YES;
				CLANG_WARN_ENUM_CONVERSION = YES;
				CLANG_WARN_INFINITE_RECURSION = YES;
				CLANG_WARN_INT_CONVERSION = YES;
				CLANG_WARN_NON_LITERAL_NULL_CONVERSION = YES;
				CLANG_WARN_OBJC_IMPLICIT_RETAIN_SELF = YES;
				CLANG_WARN_OBJC_LITERAL_CONVERSION = YES;
				CLANG_WARN_OBJC_ROOT_CLASS = YES_ERROR;
				CLANG_WARN_RANGE_LOOP_ANALYSIS = YES;
				CLANG_WARN_STRICT_PROTOTYPES = YES;
				CLANG_WARN_SUSPICIOUS_MOVE = YES;
				CLANG_WARN_UNGUARDED_AVAILABILITY = YES_AGGRESSIVE;
				CLANG_WARN_UNREACHABLE_CODE = YES;
				CLANG_WARN__DUPLICATE_METHOD_MATCH = YES;
				CODE_SIGN_IDENTITY = "iPhone Developer";
				COPY_PHASE_STRIP = NO;
				DEBUG_INFORMATION_FORMAT = "dwarf-with-dsym";
				ENABLE_NS_ASSERTIONS = NO;
				ENABLE_STRICT_OBJC_MSGSEND = YES;
				GCC_C_LANGUAGE_STANDARD = gnu11;
				GCC_NO_COMMON_BLOCKS = YES;
				GCC_WARN_64_TO_32_BIT_CONVERSION = YES;
				GCC_WARN_ABOUT_RETURN_TYPE = YES_ERROR;
				GCC_WARN_UNDECLARED_SELECTOR = YES;
				GCC_WARN_UNINITIALIZED_AUTOS = YES_AGGRESSIVE;
				GCC_WARN_UNUSED_FUNCTION = YES;
				GCC_WARN_UNUSED_VARIABLE = YES;
				IPHONEOS_DEPLOYMENT_TARGET = 12.4;
				MTL_ENABLE_DEBUG_INFO = NO;
				MTL_FAST_MATH = YES;
				SDKROOT = iphoneos;
				SWIFT_COMPILATION_MODE = wholemodule;
				SWIFT_OPTIMIZATION_LEVEL = "-O";
				VALIDATE_PRODUCT = YES;
			};
			name = Release;
		};
		179460722316773700060205 /* Debug */ = {
			isa = XCBuildConfiguration;
			buildSettings = {
				ASSETCATALOG_COMPILER_APPICON_NAME = AppIcon;
				CODE_SIGN_STYLE = Automatic;
				DEVELOPMENT_TEAM = LPBB5C5CRP;
				INFOPLIST_FILE = HostelWorldChallenge/Info.plist;
				LD_RUNPATH_SEARCH_PATHS = (
					"$(inherited)",
					"@executable_path/Frameworks",
				);
				PRODUCT_BUNDLE_IDENTIFIER = com.fermoya.challenge.HostelWorldChallenge;
				PRODUCT_NAME = "$(TARGET_NAME)";
				SWIFT_VERSION = 5.0;
				TARGETED_DEVICE_FAMILY = "1,2";
			};
			name = Debug;
		};
		179460732316773700060205 /* Release */ = {
			isa = XCBuildConfiguration;
			buildSettings = {
				ASSETCATALOG_COMPILER_APPICON_NAME = AppIcon;
				CODE_SIGN_STYLE = Automatic;
				DEVELOPMENT_TEAM = LPBB5C5CRP;
				INFOPLIST_FILE = HostelWorldChallenge/Info.plist;
				LD_RUNPATH_SEARCH_PATHS = (
					"$(inherited)",
					"@executable_path/Frameworks",
				);
				PRODUCT_BUNDLE_IDENTIFIER = com.fermoya.challenge.HostelWorldChallenge;
				PRODUCT_NAME = "$(TARGET_NAME)";
				SWIFT_VERSION = 5.0;
				TARGETED_DEVICE_FAMILY = "1,2";
			};
			name = Release;
		};
		179460752316773700060205 /* Debug */ = {
			isa = XCBuildConfiguration;
			buildSettings = {
				ALWAYS_EMBED_SWIFT_STANDARD_LIBRARIES = YES;
				CODE_SIGN_STYLE = Automatic;
				DEVELOPMENT_TEAM = LPBB5C5CRP;
				INFOPLIST_FILE = HostelWorldChallengeUITests/Info.plist;
				LD_RUNPATH_SEARCH_PATHS = (
					"$(inherited)",
					"@executable_path/Frameworks",
					"@loader_path/Frameworks",
				);
				PRODUCT_BUNDLE_IDENTIFIER = com.fermoya.challenge.HostelWorldChallengeUITests;
				PRODUCT_NAME = "$(TARGET_NAME)";
				SWIFT_VERSION = 5.0;
				TARGETED_DEVICE_FAMILY = "1,2";
				TEST_TARGET_NAME = HostelWorldChallenge;
			};
			name = Debug;
		};
		179460762316773700060205 /* Release */ = {
			isa = XCBuildConfiguration;
			buildSettings = {
				ALWAYS_EMBED_SWIFT_STANDARD_LIBRARIES = YES;
				CODE_SIGN_STYLE = Automatic;
				DEVELOPMENT_TEAM = LPBB5C5CRP;
				INFOPLIST_FILE = HostelWorldChallengeUITests/Info.plist;
				LD_RUNPATH_SEARCH_PATHS = (
					"$(inherited)",
					"@executable_path/Frameworks",
					"@loader_path/Frameworks",
				);
				PRODUCT_BUNDLE_IDENTIFIER = com.fermoya.challenge.HostelWorldChallengeUITests;
				PRODUCT_NAME = "$(TARGET_NAME)";
				SWIFT_VERSION = 5.0;
				TARGETED_DEVICE_FAMILY = "1,2";
				TEST_TARGET_NAME = HostelWorldChallenge;
			};
			name = Release;
		};
/* End XCBuildConfiguration section */

/* Begin XCConfigurationList section */
		1794604F2316773500060205 /* Build configuration list for PBXProject "HostelWorldChallenge" */ = {
			isa = XCConfigurationList;
			buildConfigurations = (
				1794606F2316773700060205 /* Debug */,
				179460702316773700060205 /* Release */,
			);
			defaultConfigurationIsVisible = 0;
			defaultConfigurationName = Release;
		};
		179460712316773700060205 /* Build configuration list for PBXNativeTarget "HostelWorldChallenge" */ = {
			isa = XCConfigurationList;
			buildConfigurations = (
				179460722316773700060205 /* Debug */,
				179460732316773700060205 /* Release */,
			);
			defaultConfigurationIsVisible = 0;
			defaultConfigurationName = Release;
		};
		179460742316773700060205 /* Build configuration list for PBXNativeTarget "HostelWorldChallengeUITests" */ = {
			isa = XCConfigurationList;
			buildConfigurations = (
				179460752316773700060205 /* Debug */,
				179460762316773700060205 /* Release */,
			);
			defaultConfigurationIsVisible = 0;
			defaultConfigurationName = Release;
		};
/* End XCConfigurationList section */
	};
	rootObject = 1794604C2316773500060205 /* Project object */;
}
